
Microsoft Visual Studio Solution File, Format Version 12.00
# Visual Studio Version 16
VisualStudioVersion = 16.0.31313.79
MinimumVisualStudioVersion = 10.0.40219.1
Project("{FAE04EC0-301F-11D3-BF4B-00C04F79EFBC}") = "Dms", "Dms\Dms.csproj", "{07BC864C-7E5C-4A4E-8D55-B76947858219}"
EndProject
Global
	GlobalSection(SolutionConfigurationPlatforms) = preSolution
		Debug|Any CPU = Debug|Any CPU
		Release|Any CPU = Release|Any CPU
	EndGlobalSection
	GlobalSection(ProjectConfigurationPlatforms) = postSolution
		{07BC864C-7E5C-4A4E-8D55-B76947858219}.Debug|Any CPU.ActiveCfg = Debug|Any CPU
		{07BC864C-7E5C-4A4E-8D55-B76947858219}.Debug|Any CPU.Build.0 = Debug|Any CPU
		{07BC864C-7E5C-4A4E-8D55-B76947858219}.Release|Any CPU.ActiveCfg = Release|Any CPU
		{07BC864C-7E5C-4A4E-8D55-B76947858219}.Release|Any CPU.Build.0 = Release|Any CPU
	EndGlobalSection
	GlobalSection(SolutionProperties) = preSolution
		HideSolutionNode = FALSE
	EndGlobalSection
	GlobalSection(ExtensibilityGlobals) = postSolution
		SolutionGuid = {E6EE24F7-F233-4BAE-9707-4A3202C1BB95}
	EndGlobalSection
EndGlobal
